
Microsoft Visual Studio Solution File, Format Version 12.00
# Visual Studio Version 17
VisualStudioVersion = 17.7.34221.43
MinimumVisualStudioVersion = 10.0.40219.1
Project("{FAE04EC0-301F-11D3-BF4B-00C04F79EFBC}") = "EduManDesktopApp", "EduManDesktopApp\EduManDesktopApp.csproj", "{5BE5C4BB-F9D8-4FC0-B9B4-AA18BF851B40}"
EndProject
Project("{FAE04EC0-301F-11D3-BF4B-00C04F79EFBC}") = "EduManAPI", "EduManAPI\EduManAPI.csproj", "{5F9FDDE1-A0EA-4201-9EF7-1494CF980AD9}"
EndProject
Project("{FAE04EC0-301F-11D3-BF4B-00C04F79EFBC}") = "EduManModel", "EduManModel\EduManModel.csproj", "{F2E7D073-4019-43EB-8A12-170B865DF06E}"
EndProject
Project("{2150E333-8FDC-42A3-9474-1A3956D46DE8}") = "Solution Items", "Solution Items", "{7E8E5DF4-428F-4D96-AB13-1F8B817BA5D5}"
	ProjectSection(SolutionItems) = preProject
		README.md = README.md
	EndProjectSection
EndProject
Global
	GlobalSection(SolutionConfigurationPlatforms) = preSolution
		Debug|Any CPU = Debug|Any CPU
		Release|Any CPU = Release|Any CPU
	EndGlobalSection
	GlobalSection(ProjectConfigurationPlatforms) = postSolution
		{5BE5C4BB-F9D8-4FC0-B9B4-AA18BF851B40}.Debug|Any CPU.ActiveCfg = Debug|Any CPU
		{5BE5C4BB-F9D8-4FC0-B9B4-AA18BF851B40}.Debug|Any CPU.Build.0 = Debug|Any CPU
		{5BE5C4BB-F9D8-4FC0-B9B4-AA18BF851B40}.Release|Any CPU.ActiveCfg = Release|Any CPU
		{5BE5C4BB-F9D8-4FC0-B9B4-AA18BF851B40}.Release|Any CPU.Build.0 = Release|Any CPU
		{5F9FDDE1-A0EA-4201-9EF7-1494CF980AD9}.Debug|Any CPU.ActiveCfg = Debug|Any CPU
		{5F9FDDE1-A0EA-4201-9EF7-1494CF980AD9}.Debug|Any CPU.Build.0 = Debug|Any CPU
		{5F9FDDE1-A0EA-4201-9EF7-1494CF980AD9}.Release|Any CPU.ActiveCfg = Release|Any CPU
		{5F9FDDE1-A0EA-4201-9EF7-1494CF980AD9}.Release|Any CPU.Build.0 = Release|Any CPU
		{F2E7D073-4019-43EB-8A12-170B865DF06E}.Debug|Any CPU.ActiveCfg = Debug|Any CPU
		{F2E7D073-4019-43EB-8A12-170B865DF06E}.Debug|Any CPU.Build.0 = Debug|Any CPU
		{F2E7D073-4019-43EB-8A12-170B865DF06E}.Release|Any CPU.ActiveCfg = Release|Any CPU
		{F2E7D073-4019-43EB-8A12-170B865DF06E}.Release|Any CPU.Build.0 = Release|Any CPU
	EndGlobalSection
	GlobalSection(SolutionProperties) = preSolution
		HideSolutionNode = FALSE
	EndGlobalSection
	GlobalSection(ExtensibilityGlobals) = postSolution
		SolutionGuid = {85E69B29-F445-472D-ACC5-EA1A0D0ADE28}
	EndGlobalSection
EndGlobal
